// !$*UTF8*$!
{
	archiveVersion = 1;
	classes = {
	};
	objectVersion = 50;
	objects = {

/* Begin PBXBuildFile section */
		0D6831A622D680CA84D89E99 /* Pods_sidemenuUITests.framework in Frameworks */ = {isa = PBXBuildFile; fileRef = 71EC71356E74EF46D5DF2A54 /* Pods_sidemenuUITests.framework */; };
		47C8B50A45D5CC752E19AB3C /* Pods_sidemenu.framework in Frameworks */ = {isa = PBXBuildFile; fileRef = 0D9086F60FEA6CFF7CABA4DA /* Pods_sidemenu.framework */; };
		585E156122FE086100190A7D /* genderSelectController.swift in Sources */ = {isa = PBXBuildFile; fileRef = 585E156022FE086100190A7D /* genderSelectController.swift */; };
		585E156322FE7F9A00190A7D /* matchOkController.swift in Sources */ = {isa = PBXBuildFile; fileRef = 585E156222FE7F9A00190A7D /* matchOkController.swift */; };
		585FCA1522F5AA0200302460 /* AppDelegate.swift in Sources */ = {isa = PBXBuildFile; fileRef = 585FCA1422F5AA0200302460 /* AppDelegate.swift */; };
		585FCA1A22F5AA0200302460 /* Main.storyboard in Resources */ = {isa = PBXBuildFile; fileRef = 585FCA1822F5AA0200302460 /* Main.storyboard */; };
		585FCA1C22F5AA0500302460 /* Assets.xcassets in Resources */ = {isa = PBXBuildFile; fileRef = 585FCA1B22F5AA0500302460 /* Assets.xcassets */; };
		585FCA1F22F5AA0500302460 /* LaunchScreen.storyboard in Resources */ = {isa = PBXBuildFile; fileRef = 585FCA1D22F5AA0500302460 /* LaunchScreen.storyboard */; };
		585FCA2A22F5AA0500302460 /* sidemenuTests.swift in Sources */ = {isa = PBXBuildFile; fileRef = 585FCA2922F5AA0500302460 /* sidemenuTests.swift */; };
		585FCA3522F5AA0500302460 /* sidemenuUITests.swift in Sources */ = {isa = PBXBuildFile; fileRef = 585FCA3422F5AA0500302460 /* sidemenuUITests.swift */; };
		585FCA4722F5AB1000302460 /* ContainerController.swift in Sources */ = {isa = PBXBuildFile; fileRef = 585FCA4622F5AB1000302460 /* ContainerController.swift */; };
		585FCA4922F5AB4C00302460 /* HomeController.swift in Sources */ = {isa = PBXBuildFile; fileRef = 585FCA4822F5AB4C00302460 /* HomeController.swift */; };
		585FCA4B22F5AB6500302460 /* MenuController.swift in Sources */ = {isa = PBXBuildFile; fileRef = 585FCA4A22F5AB6500302460 /* MenuController.swift */; };
		588BB9E522F5E1670026FDA8 /* Protocols.swift in Sources */ = {isa = PBXBuildFile; fileRef = 588BB9E422F5E1670026FDA8 /* Protocols.swift */; };
		588BB9E722F67F680026FDA8 /* MenuOptionCell.swift in Sources */ = {isa = PBXBuildFile; fileRef = 588BB9E622F67F680026FDA8 /* MenuOptionCell.swift */; };
		588BBA2D22FB07D60026FDA8 /* menuOption.swift in Sources */ = {isa = PBXBuildFile; fileRef = 588BBA2C22FB07D60026FDA8 /* menuOption.swift */; };
		589C897822FFEB03002CCC95 /* chatController.swift in Sources */ = {isa = PBXBuildFile; fileRef = 589C897722FFEB03002CCC95 /* chatController.swift */; };
		589C897A22FFEB42002CCC95 /* ChatMessageCell.swift in Sources */ = {isa = PBXBuildFile; fileRef = 589C897922FFEB42002CCC95 /* ChatMessageCell.swift */; };
		589C898422FFFB2F002CCC95 /* CreateProfVC.swift in Sources */ = {isa = PBXBuildFile; fileRef = 589C898322FFFB2F002CCC95 /* CreateProfVC.swift */; };
		589C898723000902002CCC95 /* PassCodeVC.swift in Sources */ = {isa = PBXBuildFile; fileRef = 589C898523000902002CCC95 /* PassCodeVC.swift */; };
		589C898823000902002CCC95 /* LoginVC.swift in Sources */ = {isa = PBXBuildFile; fileRef = 589C898623000902002CCC95 /* LoginVC.swift */; };
		589C898A23000936002CCC95 /* SelectFriendVC.swift in Sources */ = {isa = PBXBuildFile; fileRef = 589C898923000936002CCC95 /* SelectFriendVC.swift */; };
		589C898C23000942002CCC95 /* NoSelectVC.swift in Sources */ = {isa = PBXBuildFile; fileRef = 589C898B23000942002CCC95 /* NoSelectVC.swift */; };
		589C898E2300094B002CCC95 /* yesSelectVC.swift in Sources */ = {isa = PBXBuildFile; fileRef = 589C898D2300094B002CCC95 /* yesSelectVC.swift */; };
		589C8991230009C2002CCC95 /* MyprofileVC.swift in Sources */ = {isa = PBXBuildFile; fileRef = 589C8990230009C1002CCC95 /* MyprofileVC.swift */; };
		589C8993230009CC002CCC95 /* TextInputTableViewCell.swift in Sources */ = {isa = PBXBuildFile; fileRef = 589C8992230009CC002CCC95 /* TextInputTableViewCell.swift */; };
		589C899723000A47002CCC95 /* FriendProfileVC.swift in Sources */ = {isa = PBXBuildFile; fileRef = 589C899623000A47002CCC95 /* FriendProfileVC.swift */; };
		589C899923000B3C002CCC95 /* pickerProfileController.swift in Sources */ = {isa = PBXBuildFile; fileRef = 589C899823000B3C002CCC95 /* pickerProfileController.swift */; };
		589EE5E0230BE2C700FC801E /* friendChatController.swift in Sources */ = {isa = PBXBuildFile; fileRef = 589EE5DF230BE2C700FC801E /* friendChatController.swift */; };
		589EE5E2230BE2E200FC801E /* friendChatMessageCell.swift in Sources */ = {isa = PBXBuildFile; fileRef = 589EE5E1230BE2E200FC801E /* friendChatMessageCell.swift */; };
		58A09CB1230AA4B20085A11B /* GoogleService-Info.plist in Resources */ = {isa = PBXBuildFile; fileRef = 58A09CB0230AA4B20085A11B /* GoogleService-Info.plist */; };
		58A44C3822FBE4EC00C5C961 /* friendlistController.swift in Sources */ = {isa = PBXBuildFile; fileRef = 58A44C3722FBE4EC00C5C961 /* friendlistController.swift */; };
		58A44C3B22FDE56200C5C961 /* talkUnable.swift in Sources */ = {isa = PBXBuildFile; fileRef = 58A44C3A22FDE56200C5C961 /* talkUnable.swift */; };
		964256D3282745CA868D5CB6 /* Pods_sidemenuTests.framework in Frameworks */ = {isa = PBXBuildFile; fileRef = 8490E8BDF0B3F45448B821BD /* Pods_sidemenuTests.framework */; };
		E76981682313B0FB00474F4A /* SignUpViewController.swift in Sources */ = {isa = PBXBuildFile; fileRef = E76981672313B0FB00474F4A /* SignUpViewController.swift */; };
		E769816A2313B14600474F4A /* SignInViewController.swift in Sources */ = {isa = PBXBuildFile; fileRef = E76981692313B14600474F4A /* SignInViewController.swift */; };
/* End PBXBuildFile section */

/* Begin PBXContainerItemProxy section */
		585FCA2622F5AA0500302460 /* PBXContainerItemProxy */ = {
			isa = PBXContainerItemProxy;
			containerPortal = 585FCA0922F5AA0200302460 /* Project object */;
			proxyType = 1;
			remoteGlobalIDString = 585FCA1022F5AA0200302460;
			remoteInfo = sidemenu;
		};
		585FCA3122F5AA0500302460 /* PBXContainerItemProxy */ = {
			isa = PBXContainerItemProxy;
			containerPortal = 585FCA0922F5AA0200302460 /* Project object */;
			proxyType = 1;
			remoteGlobalIDString = 585FCA1022F5AA0200302460;
			remoteInfo = sidemenu;
		};
/* End PBXContainerItemProxy section */

/* Begin PBXFileReference section */
		008B7B14FF4B085BC1390C1C /* Pods-sidemenuTests.release.xcconfig */ = {isa = PBXFileReference; includeInIndex = 1; lastKnownFileType = text.xcconfig; name = "Pods-sidemenuTests.release.xcconfig"; path = "Target Support Files/Pods-sidemenuTests/Pods-sidemenuTests.release.xcconfig"; sourceTree = "<group>"; };
		0D9086F60FEA6CFF7CABA4DA /* Pods_sidemenu.framework */ = {isa = PBXFileReference; explicitFileType = wrapper.framework; includeInIndex = 0; path = Pods_sidemenu.framework; sourceTree = BUILT_PRODUCTS_DIR; };
		4851ED83130FF09865B3213A /* Pods-sidemenuUITests.release.xcconfig */ = {isa = PBXFileReference; includeInIndex = 1; lastKnownFileType = text.xcconfig; name = "Pods-sidemenuUITests.release.xcconfig"; path = "Target Support Files/Pods-sidemenuUITests/Pods-sidemenuUITests.release.xcconfig"; sourceTree = "<group>"; };
		585E156022FE086100190A7D /* genderSelectController.swift */ = {isa = PBXFileReference; lastKnownFileType = sourcecode.swift; path = genderSelectController.swift; sourceTree = "<group>"; };
		585E156222FE7F9A00190A7D /* matchOkController.swift */ = {isa = PBXFileReference; lastKnownFileType = sourcecode.swift; path = matchOkController.swift; sourceTree = "<group>"; };
		585FCA1122F5AA0200302460 /* sidemenu.app */ = {isa = PBXFileReference; explicitFileType = wrapper.application; includeInIndex = 0; path = sidemenu.app; sourceTree = BUILT_PRODUCTS_DIR; };
		585FCA1422F5AA0200302460 /* AppDelegate.swift */ = {isa = PBXFileReference; lastKnownFileType = sourcecode.swift; path = AppDelegate.swift; sourceTree = "<group>"; };
		585FCA1922F5AA0200302460 /* Base */ = {isa = PBXFileReference; lastKnownFileType = file.storyboard; name = Base; path = Base.lproj/Main.storyboard; sourceTree = "<group>"; };
		585FCA1B22F5AA0500302460 /* Assets.xcassets */ = {isa = PBXFileReference; lastKnownFileType = folder.assetcatalog; path = Assets.xcassets; sourceTree = "<group>"; };
		585FCA1E22F5AA0500302460 /* Base */ = {isa = PBXFileReference; lastKnownFileType = file.storyboard; name = Base; path = Base.lproj/LaunchScreen.storyboard; sourceTree = "<group>"; };
		585FCA2022F5AA0500302460 /* Info.plist */ = {isa = PBXFileReference; lastKnownFileType = text.plist.xml; path = Info.plist; sourceTree = "<group>"; };
		585FCA2522F5AA0500302460 /* sidemenuTests.xctest */ = {isa = PBXFileReference; explicitFileType = wrapper.cfbundle; includeInIndex = 0; path = sidemenuTests.xctest; sourceTree = BUILT_PRODUCTS_DIR; };
		585FCA2922F5AA0500302460 /* sidemenuTests.swift */ = {isa = PBXFileReference; lastKnownFileType = sourcecode.swift; path = sidemenuTests.swift; sourceTree = "<group>"; };
		585FCA2B22F5AA0500302460 /* Info.plist */ = {isa = PBXFileReference; lastKnownFileType = text.plist.xml; path = Info.plist; sourceTree = "<group>"; };
		585FCA3022F5AA0500302460 /* sidemenuUITests.xctest */ = {isa = PBXFileReference; explicitFileType = wrapper.cfbundle; includeInIndex = 0; path = sidemenuUITests.xctest; sourceTree = BUILT_PRODUCTS_DIR; };
		585FCA3422F5AA0500302460 /* sidemenuUITests.swift */ = {isa = PBXFileReference; lastKnownFileType = sourcecode.swift; path = sidemenuUITests.swift; sourceTree = "<group>"; };
		585FCA3622F5AA0500302460 /* Info.plist */ = {isa = PBXFileReference; lastKnownFileType = text.plist.xml; path = Info.plist; sourceTree = "<group>"; };
		585FCA4622F5AB1000302460 /* ContainerController.swift */ = {isa = PBXFileReference; lastKnownFileType = sourcecode.swift; path = ContainerController.swift; sourceTree = "<group>"; };
		585FCA4822F5AB4C00302460 /* HomeController.swift */ = {isa = PBXFileReference; lastKnownFileType = sourcecode.swift; path = HomeController.swift; sourceTree = "<group>"; };
		585FCA4A22F5AB6500302460 /* MenuController.swift */ = {isa = PBXFileReference; lastKnownFileType = sourcecode.swift; path = MenuController.swift; sourceTree = "<group>"; };
		588BB9E422F5E1670026FDA8 /* Protocols.swift */ = {isa = PBXFileReference; lastKnownFileType = sourcecode.swift; path = Protocols.swift; sourceTree = "<group>"; };
		588BB9E622F67F680026FDA8 /* MenuOptionCell.swift */ = {isa = PBXFileReference; lastKnownFileType = sourcecode.swift; path = MenuOptionCell.swift; sourceTree = "<group>"; };
		588BBA2C22FB07D60026FDA8 /* menuOption.swift */ = {isa = PBXFileReference; lastKnownFileType = sourcecode.swift; path = menuOption.swift; sourceTree = "<group>"; };
		589C897722FFEB03002CCC95 /* chatController.swift */ = {isa = PBXFileReference; lastKnownFileType = sourcecode.swift; path = chatController.swift; sourceTree = "<group>"; };
		589C897922FFEB42002CCC95 /* ChatMessageCell.swift */ = {isa = PBXFileReference; lastKnownFileType = sourcecode.swift; path = ChatMessageCell.swift; sourceTree = "<group>"; };
		589C898322FFFB2F002CCC95 /* CreateProfVC.swift */ = {isa = PBXFileReference; fileEncoding = 4; lastKnownFileType = sourcecode.swift; path = CreateProfVC.swift; sourceTree = "<group>"; };
		589C898523000902002CCC95 /* PassCodeVC.swift */ = {isa = PBXFileReference; fileEncoding = 4; lastKnownFileType = sourcecode.swift; name = PassCodeVC.swift; path = "takitouのコピー/PassCodeVC.swift"; sourceTree = SOURCE_ROOT; };
		589C898623000902002CCC95 /* LoginVC.swift */ = {isa = PBXFileReference; fileEncoding = 4; lastKnownFileType = sourcecode.swift; name = LoginVC.swift; path = "takitouのコピー/LoginVC.swift"; sourceTree = SOURCE_ROOT; };
		589C898923000936002CCC95 /* SelectFriendVC.swift */ = {isa = PBXFileReference; fileEncoding = 4; lastKnownFileType = sourcecode.swift; name = SelectFriendVC.swift; path = "takitouのコピー/SelectFriendVC.swift"; sourceTree = SOURCE_ROOT; };
		589C898B23000942002CCC95 /* NoSelectVC.swift */ = {isa = PBXFileReference; fileEncoding = 4; lastKnownFileType = sourcecode.swift; name = NoSelectVC.swift; path = "takitouのコピー/NoSelectVC.swift"; sourceTree = SOURCE_ROOT; };
		589C898D2300094B002CCC95 /* yesSelectVC.swift */ = {isa = PBXFileReference; fileEncoding = 4; lastKnownFileType = sourcecode.swift; name = yesSelectVC.swift; path = "takitouのコピー/yesSelectVC.swift"; sourceTree = SOURCE_ROOT; };
		589C8990230009C1002CCC95 /* MyprofileVC.swift */ = {isa = PBXFileReference; fileEncoding = 4; lastKnownFileType = sourcecode.swift; name = MyprofileVC.swift; path = sidemenu/select/profile/MyprofileVC.swift; sourceTree = SOURCE_ROOT; };
		589C8992230009CC002CCC95 /* TextInputTableViewCell.swift */ = {isa = PBXFileReference; fileEncoding = 4; lastKnownFileType = sourcecode.swift; name = TextInputTableViewCell.swift; path = sidemenu/select/profile/TextInputTableViewCell.swift; sourceTree = SOURCE_ROOT; };
		589C899623000A47002CCC95 /* FriendProfileVC.swift */ = {isa = PBXFileReference; fileEncoding = 4; lastKnownFileType = sourcecode.swift; name = FriendProfileVC.swift; path = "takitouのコピー/FriendProfileVC.swift"; sourceTree = SOURCE_ROOT; };
		589C899823000B3C002CCC95 /* pickerProfileController.swift */ = {isa = PBXFileReference; lastKnownFileType = sourcecode.swift; path = pickerProfileController.swift; sourceTree = "<group>"; };
		589EE5DF230BE2C700FC801E /* friendChatController.swift */ = {isa = PBXFileReference; lastKnownFileType = sourcecode.swift; path = friendChatController.swift; sourceTree = "<group>"; };
		589EE5E1230BE2E200FC801E /* friendChatMessageCell.swift */ = {isa = PBXFileReference; lastKnownFileType = sourcecode.swift; path = friendChatMessageCell.swift; sourceTree = "<group>"; };
		58A09CB0230AA4B20085A11B /* GoogleService-Info.plist */ = {isa = PBXFileReference; fileEncoding = 4; lastKnownFileType = text.plist.xml; path = "GoogleService-Info.plist"; sourceTree = "<group>"; };
		58A44C3722FBE4EC00C5C961 /* friendlistController.swift */ = {isa = PBXFileReference; lastKnownFileType = sourcecode.swift; path = friendlistController.swift; sourceTree = "<group>"; };
		58A44C3A22FDE56200C5C961 /* talkUnable.swift */ = {isa = PBXFileReference; lastKnownFileType = sourcecode.swift; path = talkUnable.swift; sourceTree = "<group>"; };
		5EB1A5401BB3354A554D9CD5 /* Pods-sidemenu.release.xcconfig */ = {isa = PBXFileReference; includeInIndex = 1; lastKnownFileType = text.xcconfig; name = "Pods-sidemenu.release.xcconfig"; path = "Target Support Files/Pods-sidemenu/Pods-sidemenu.release.xcconfig"; sourceTree = "<group>"; };
		71EC71356E74EF46D5DF2A54 /* Pods_sidemenuUITests.framework */ = {isa = PBXFileReference; explicitFileType = wrapper.framework; includeInIndex = 0; path = Pods_sidemenuUITests.framework; sourceTree = BUILT_PRODUCTS_DIR; };
		8490E8BDF0B3F45448B821BD /* Pods_sidemenuTests.framework */ = {isa = PBXFileReference; explicitFileType = wrapper.framework; includeInIndex = 0; path = Pods_sidemenuTests.framework; sourceTree = BUILT_PRODUCTS_DIR; };
		9A94193599E312CFB2682044 /* Pods-sidemenuTests.debug.xcconfig */ = {isa = PBXFileReference; includeInIndex = 1; lastKnownFileType = text.xcconfig; name = "Pods-sidemenuTests.debug.xcconfig"; path = "Target Support Files/Pods-sidemenuTests/Pods-sidemenuTests.debug.xcconfig"; sourceTree = "<group>"; };
		DD28993C707C3DC0D2BA73DF /* Pods-sidemenuUITests.debug.xcconfig */ = {isa = PBXFileReference; includeInIndex = 1; lastKnownFileType = text.xcconfig; name = "Pods-sidemenuUITests.debug.xcconfig"; path = "Target Support Files/Pods-sidemenuUITests/Pods-sidemenuUITests.debug.xcconfig"; sourceTree = "<group>"; };
		E76981672313B0FB00474F4A /* SignUpViewController.swift */ = {isa = PBXFileReference; fileEncoding = 4; lastKnownFileType = sourcecode.swift; path = SignUpViewController.swift; sourceTree = "<group>"; };
		E76981692313B14600474F4A /* SignInViewController.swift */ = {isa = PBXFileReference; fileEncoding = 4; lastKnownFileType = sourcecode.swift; path = SignInViewController.swift; sourceTree = "<group>"; };
		FC516AFF352C95D9E4847EAD /* Pods-sidemenu.debug.xcconfig */ = {isa = PBXFileReference; includeInIndex = 1; lastKnownFileType = text.xcconfig; name = "Pods-sidemenu.debug.xcconfig"; path = "Target Support Files/Pods-sidemenu/Pods-sidemenu.debug.xcconfig"; sourceTree = "<group>"; };
/* End PBXFileReference section */

/* Begin PBXFrameworksBuildPhase section */
		585FCA0E22F5AA0200302460 /* Frameworks */ = {
			isa = PBXFrameworksBuildPhase;
			buildActionMask = 2147483647;
			files = (
				47C8B50A45D5CC752E19AB3C /* Pods_sidemenu.framework in Frameworks */,
			);
			runOnlyForDeploymentPostprocessing = 0;
		};
		585FCA2222F5AA0500302460 /* Frameworks */ = {
			isa = PBXFrameworksBuildPhase;
			buildActionMask = 2147483647;
			files = (
				964256D3282745CA868D5CB6 /* Pods_sidemenuTests.framework in Frameworks */,
			);
			runOnlyForDeploymentPostprocessing = 0;
		};
		585FCA2D22F5AA0500302460 /* Frameworks */ = {
			isa = PBXFrameworksBuildPhase;
			buildActionMask = 2147483647;
			files = (
				0D6831A622D680CA84D89E99 /* Pods_sidemenuUITests.framework in Frameworks */,
			);
			runOnlyForDeploymentPostprocessing = 0;
		};
/* End PBXFrameworksBuildPhase section */

/* Begin PBXGroup section */
		19AC972D458557CF89519DFB /* Pods */ = {
			isa = PBXGroup;
			children = (
				FC516AFF352C95D9E4847EAD /* Pods-sidemenu.debug.xcconfig */,
				5EB1A5401BB3354A554D9CD5 /* Pods-sidemenu.release.xcconfig */,
				9A94193599E312CFB2682044 /* Pods-sidemenuTests.debug.xcconfig */,
				008B7B14FF4B085BC1390C1C /* Pods-sidemenuTests.release.xcconfig */,
				DD28993C707C3DC0D2BA73DF /* Pods-sidemenuUITests.debug.xcconfig */,
				4851ED83130FF09865B3213A /* Pods-sidemenuUITests.release.xcconfig */,
			);
			path = Pods;
			sourceTree = "<group>";
		};
		585FCA0822F5AA0200302460 = {
			isa = PBXGroup;
			children = (
				58A09CB0230AA4B20085A11B /* GoogleService-Info.plist */,
				585FCA1322F5AA0200302460 /* sidemenu */,
				585FCA2822F5AA0500302460 /* sidemenuTests */,
				585FCA3322F5AA0500302460 /* sidemenuUITests */,
				585FCA1222F5AA0200302460 /* Products */,
				19AC972D458557CF89519DFB /* Pods */,
				F7A399F356FB77B30240247E /* Frameworks */,
			);
			sourceTree = "<group>";
		};
		585FCA1222F5AA0200302460 /* Products */ = {
			isa = PBXGroup;
			children = (
				585FCA1122F5AA0200302460 /* sidemenu.app */,
				585FCA2522F5AA0500302460 /* sidemenuTests.xctest */,
				585FCA3022F5AA0500302460 /* sidemenuUITests.xctest */,
			);
			name = Products;
			sourceTree = "<group>";
		};
		585FCA1322F5AA0200302460 /* sidemenu */ = {
			isa = PBXGroup;
			children = (
				589C898222FFFB12002CCC95 /* firstSetting */,
				589C897622FFEACB002CCC95 /* chatFile */,
				58A44C3922FDE43200C5C961 /* select */,
				585FCA4522F5AA5F00302460 /* Utils */,
				585FCA4422F5AA5C00302460 /* model */,
				585FCA4322F5AA5A00302460 /* view */,
				585FCA4222F5AA5800302460 /* controller */,
				585FCA1422F5AA0200302460 /* AppDelegate.swift */,
				585FCA1822F5AA0200302460 /* Main.storyboard */,
				585FCA1B22F5AA0500302460 /* Assets.xcassets */,
				585FCA1D22F5AA0500302460 /* LaunchScreen.storyboard */,
				585FCA2022F5AA0500302460 /* Info.plist */,
			);
			path = sidemenu;
			sourceTree = "<group>";
		};
		585FCA2822F5AA0500302460 /* sidemenuTests */ = {
			isa = PBXGroup;
			children = (
				585FCA2922F5AA0500302460 /* sidemenuTests.swift */,
				585FCA2B22F5AA0500302460 /* Info.plist */,
			);
			path = sidemenuTests;
			sourceTree = "<group>";
		};
		585FCA3322F5AA0500302460 /* sidemenuUITests */ = {
			isa = PBXGroup;
			children = (
				585FCA3422F5AA0500302460 /* sidemenuUITests.swift */,
				585FCA3622F5AA0500302460 /* Info.plist */,
			);
			path = sidemenuUITests;
			sourceTree = "<group>";
		};
		585FCA4222F5AA5800302460 /* controller */ = {
			isa = PBXGroup;
			children = (
				585FCA4622F5AB1000302460 /* ContainerController.swift */,
				585FCA4822F5AB4C00302460 /* HomeController.swift */,
				585FCA4A22F5AB6500302460 /* MenuController.swift */,
			);
			path = controller;
			sourceTree = "<group>";
		};
		585FCA4322F5AA5A00302460 /* view */ = {
			isa = PBXGroup;
			children = (
				588BB9E622F67F680026FDA8 /* MenuOptionCell.swift */,
			);
			path = view;
			sourceTree = "<group>";
		};
		585FCA4422F5AA5C00302460 /* model */ = {
			isa = PBXGroup;
			children = (
				588BBA2C22FB07D60026FDA8 /* menuOption.swift */,
			);
			path = model;
			sourceTree = "<group>";
		};
		585FCA4522F5AA5F00302460 /* Utils */ = {
			isa = PBXGroup;
			children = (
				588BB9E422F5E1670026FDA8 /* Protocols.swift */,
			);
			path = Utils;
			sourceTree = "<group>";
		};
		589C897622FFEACB002CCC95 /* chatFile */ = {
			isa = PBXGroup;
			children = (
				589C897722FFEB03002CCC95 /* chatController.swift */,
				589C897922FFEB42002CCC95 /* ChatMessageCell.swift */,
				589EE5DF230BE2C700FC801E /* friendChatController.swift */,
				589EE5E1230BE2E200FC801E /* friendChatMessageCell.swift */,
			);
			path = chatFile;
			sourceTree = "<group>";
		};
		589C898222FFFB12002CCC95 /* firstSetting */ = {
			isa = PBXGroup;
			children = (
				589C898322FFFB2F002CCC95 /* CreateProfVC.swift */,
				589C899823000B3C002CCC95 /* pickerProfileController.swift */,
				589C898623000902002CCC95 /* LoginVC.swift */,
				E76981672313B0FB00474F4A /* SignUpViewController.swift */,
				E76981692313B14600474F4A /* SignInViewController.swift */,
				589C898523000902002CCC95 /* PassCodeVC.swift */,
			);
			path = firstSetting;
			sourceTree = "<group>";
		};
		589C898F2300097D002CCC95 /* friendlist */ = {
			isa = PBXGroup;
			children = (
				58A44C3722FBE4EC00C5C961 /* friendlistController.swift */,
				589C899623000A47002CCC95 /* FriendProfileVC.swift */,
			);
			path = friendlist;
			sourceTree = "<group>";
		};
		589C899523000A0C002CCC95 /* profile */ = {
			isa = PBXGroup;
			children = (
				589C8990230009C1002CCC95 /* MyprofileVC.swift */,
				589C8992230009CC002CCC95 /* TextInputTableViewCell.swift */,
			);
			path = profile;
			sourceTree = "<group>";
		};
		58A44C3922FDE43200C5C961 /* select */ = {
			isa = PBXGroup;
			children = (
				58A44C3A22FDE56200C5C961 /* talkUnable.swift */,
				585E156022FE086100190A7D /* genderSelectController.swift */,
				585E156222FE7F9A00190A7D /* matchOkController.swift */,
				589C898923000936002CCC95 /* SelectFriendVC.swift */,
				589C898B23000942002CCC95 /* NoSelectVC.swift */,
				589C898D2300094B002CCC95 /* yesSelectVC.swift */,
				589C899523000A0C002CCC95 /* profile */,
				589C898F2300097D002CCC95 /* friendlist */,
			);
			path = select;
			sourceTree = "<group>";
		};
		F7A399F356FB77B30240247E /* Frameworks */ = {
			isa = PBXGroup;
			children = (
				0D9086F60FEA6CFF7CABA4DA /* Pods_sidemenu.framework */,
				8490E8BDF0B3F45448B821BD /* Pods_sidemenuTests.framework */,
				71EC71356E74EF46D5DF2A54 /* Pods_sidemenuUITests.framework */,
			);
			name = Frameworks;
			sourceTree = "<group>";
		};
/* End PBXGroup section */

/* Begin PBXNativeTarget section */
		585FCA1022F5AA0200302460 /* sidemenu */ = {
			isa = PBXNativeTarget;
			buildConfigurationList = 585FCA3922F5AA0500302460 /* Build configuration list for PBXNativeTarget "sidemenu" */;
			buildPhases = (
				BEB2600FDD17E4FC744B49CD /* [CP] Check Pods Manifest.lock */,
				585FCA0D22F5AA0200302460 /* Sources */,
				585FCA0E22F5AA0200302460 /* Frameworks */,
				585FCA0F22F5AA0200302460 /* Resources */,
				78CD86685C95AEF71385F486 /* [CP] Embed Pods Frameworks */,
			);
			buildRules = (
			);
			dependencies = (
			);
			name = sidemenu;
			productName = sidemenu;
			productReference = 585FCA1122F5AA0200302460 /* sidemenu.app */;
			productType = "com.apple.product-type.application";
		};
		585FCA2422F5AA0500302460 /* sidemenuTests */ = {
			isa = PBXNativeTarget;
			buildConfigurationList = 585FCA3C22F5AA0500302460 /* Build configuration list for PBXNativeTarget "sidemenuTests" */;
			buildPhases = (
				7CE9971643BD3CBEF8C3FDAC /* [CP] Check Pods Manifest.lock */,
				585FCA2122F5AA0500302460 /* Sources */,
				585FCA2222F5AA0500302460 /* Frameworks */,
				585FCA2322F5AA0500302460 /* Resources */,
			);
			buildRules = (
			);
			dependencies = (
				585FCA2722F5AA0500302460 /* PBXTargetDependency */,
			);
			name = sidemenuTests;
			productName = sidemenuTests;
			productReference = 585FCA2522F5AA0500302460 /* sidemenuTests.xctest */;
			productType = "com.apple.product-type.bundle.unit-test";
		};
		585FCA2F22F5AA0500302460 /* sidemenuUITests */ = {
			isa = PBXNativeTarget;
			buildConfigurationList = 585FCA3F22F5AA0500302460 /* Build configuration list for PBXNativeTarget "sidemenuUITests" */;
			buildPhases = (
				6D89F6D03BA146D1C3F2B352 /* [CP] Check Pods Manifest.lock */,
				585FCA2C22F5AA0500302460 /* Sources */,
				585FCA2D22F5AA0500302460 /* Frameworks */,
				585FCA2E22F5AA0500302460 /* Resources */,
			);
			buildRules = (
			);
			dependencies = (
				585FCA3222F5AA0500302460 /* PBXTargetDependency */,
			);
			name = sidemenuUITests;
			productName = sidemenuUITests;
			productReference = 585FCA3022F5AA0500302460 /* sidemenuUITests.xctest */;
			productType = "com.apple.product-type.bundle.ui-testing";
		};
/* End PBXNativeTarget section */

/* Begin PBXProject section */
		585FCA0922F5AA0200302460 /* Project object */ = {
			isa = PBXProject;
			attributes = {
				LastSwiftUpdateCheck = 1030;
				LastUpgradeCheck = 1030;
				ORGANIZATIONNAME = yu;
				TargetAttributes = {
					585FCA1022F5AA0200302460 = {
						CreatedOnToolsVersion = 10.3;
					};
					585FCA2422F5AA0500302460 = {
						CreatedOnToolsVersion = 10.3;
						TestTargetID = 585FCA1022F5AA0200302460;
					};
					585FCA2F22F5AA0500302460 = {
						CreatedOnToolsVersion = 10.3;
						TestTargetID = 585FCA1022F5AA0200302460;
					};
				};
			};
			buildConfigurationList = 585FCA0C22F5AA0200302460 /* Build configuration list for PBXProject "sidemenu" */;
			compatibilityVersion = "Xcode 9.3";
			developmentRegion = en;
			hasScannedForEncodings = 0;
			knownRegions = (
				en,
				Base,
			);
			mainGroup = 585FCA0822F5AA0200302460;
			productRefGroup = 585FCA1222F5AA0200302460 /* Products */;
			projectDirPath = "";
			projectRoot = "";
			targets = (
				585FCA1022F5AA0200302460 /* sidemenu */,
				585FCA2422F5AA0500302460 /* sidemenuTests */,
				585FCA2F22F5AA0500302460 /* sidemenuUITests */,
			);
		};
/* End PBXProject section */

/* Begin PBXResourcesBuildPhase section */
		585FCA0F22F5AA0200302460 /* Resources */ = {
			isa = PBXResourcesBuildPhase;
			buildActionMask = 2147483647;
			files = (
				585FCA1F22F5AA0500302460 /* LaunchScreen.storyboard in Resources */,
				58A09CB1230AA4B20085A11B /* GoogleService-Info.plist in Resources */,
				585FCA1C22F5AA0500302460 /* Assets.xcassets in Resources */,
				585FCA1A22F5AA0200302460 /* Main.storyboard in Resources */,
			);
			runOnlyForDeploymentPostprocessing = 0;
		};
		585FCA2322F5AA0500302460 /* Resources */ = {
			isa = PBXResourcesBuildPhase;
			buildActionMask = 2147483647;
			files = (
			);
			runOnlyForDeploymentPostprocessing = 0;
		};
		585FCA2E22F5AA0500302460 /* Resources */ = {
			isa = PBXResourcesBuildPhase;
			buildActionMask = 2147483647;
			files = (
			);
			runOnlyForDeploymentPostprocessing = 0;
		};
/* End PBXResourcesBuildPhase section */

/* Begin PBXShellScriptBuildPhase section */
		6D89F6D03BA146D1C3F2B352 /* [CP] Check Pods Manifest.lock */ = {
			isa = PBXShellScriptBuildPhase;
			buildActionMask = 2147483647;
			files = (
			);
			inputFileListPaths = (
			);
			inputPaths = (
				"${PODS_PODFILE_DIR_PATH}/Podfile.lock",
				"${PODS_ROOT}/Manifest.lock",
			);
			name = "[CP] Check Pods Manifest.lock";
			outputFileListPaths = (
			);
			outputPaths = (
				"$(DERIVED_FILE_DIR)/Pods-sidemenuUITests-checkManifestLockResult.txt",
			);
			runOnlyForDeploymentPostprocessing = 0;
			shellPath = /bin/sh;
			shellScript = "diff \"${PODS_PODFILE_DIR_PATH}/Podfile.lock\" \"${PODS_ROOT}/Manifest.lock\" > /dev/null\nif [ $? != 0 ] ; then\n    # print error to STDERR\n    echo \"error: The sandbox is not in sync with the Podfile.lock. Run 'pod install' or update your CocoaPods installation.\" >&2\n    exit 1\nfi\n# This output is used by Xcode 'outputs' to avoid re-running this script phase.\necho \"SUCCESS\" > \"${SCRIPT_OUTPUT_FILE_0}\"\n";
			showEnvVarsInLog = 0;
		};
		78CD86685C95AEF71385F486 /* [CP] Embed Pods Frameworks */ = {
			isa = PBXShellScriptBuildPhase;
			buildActionMask = 2147483647;
			files = (
			);
			inputFileListPaths = (
			);
			inputPaths = (
				"${PODS_ROOT}/Target Support Files/Pods-sidemenu/Pods-sidemenu-frameworks.sh",
				"${BUILT_PRODUCTS_DIR}/BoringSSL-GRPC/openssl_grpc.framework",
				"${BUILT_PRODUCTS_DIR}/GTMSessionFetcher/GTMSessionFetcher.framework",
				"${BUILT_PRODUCTS_DIR}/GoogleUtilities/GoogleUtilities.framework",
				"${BUILT_PRODUCTS_DIR}/Protobuf/Protobuf.framework",
				"${BUILT_PRODUCTS_DIR}/gRPC-C++/grpcpp.framework",
				"${BUILT_PRODUCTS_DIR}/gRPC-Core/grpc.framework",
				"${BUILT_PRODUCTS_DIR}/leveldb-library/leveldb.framework",
				"${BUILT_PRODUCTS_DIR}/nanopb/nanopb.framework",
			);
			name = "[CP] Embed Pods Frameworks";
			outputFileListPaths = (
			);
			outputPaths = (
				"${TARGET_BUILD_DIR}/${FRAMEWORKS_FOLDER_PATH}/openssl_grpc.framework",
				"${TARGET_BUILD_DIR}/${FRAMEWORKS_FOLDER_PATH}/GTMSessionFetcher.framework",
				"${TARGET_BUILD_DIR}/${FRAMEWORKS_FOLDER_PATH}/GoogleUtilities.framework",
				"${TARGET_BUILD_DIR}/${FRAMEWORKS_FOLDER_PATH}/Protobuf.framework",
				"${TARGET_BUILD_DIR}/${FRAMEWORKS_FOLDER_PATH}/grpcpp.framework",
				"${TARGET_BUILD_DIR}/${FRAMEWORKS_FOLDER_PATH}/grpc.framework",
				"${TARGET_BUILD_DIR}/${FRAMEWORKS_FOLDER_PATH}/leveldb.framework",
				"${TARGET_BUILD_DIR}/${FRAMEWORKS_FOLDER_PATH}/nanopb.framework",
			);
			runOnlyForDeploymentPostprocessing = 0;
			shellPath = /bin/sh;
			shellScript = "\"${PODS_ROOT}/Target Support Files/Pods-sidemenu/Pods-sidemenu-frameworks.sh\"\n";
			showEnvVarsInLog = 0;
		};
		7CE9971643BD3CBEF8C3FDAC /* [CP] Check Pods Manifest.lock */ = {
			isa = PBXShellScriptBuildPhase;
			buildActionMask = 2147483647;
			files = (
			);
			inputFileListPaths = (
			);
			inputPaths = (
				"${PODS_PODFILE_DIR_PATH}/Podfile.lock",
				"${PODS_ROOT}/Manifest.lock",
			);
			name = "[CP] Check Pods Manifest.lock";
			outputFileListPaths = (
			);
			outputPaths = (
				"$(DERIVED_FILE_DIR)/Pods-sidemenuTests-checkManifestLockResult.txt",
			);
			runOnlyForDeploymentPostprocessing = 0;
			shellPath = /bin/sh;
			shellScript = "diff \"${PODS_PODFILE_DIR_PATH}/Podfile.lock\" \"${PODS_ROOT}/Manifest.lock\" > /dev/null\nif [ $? != 0 ] ; then\n    # print error to STDERR\n    echo \"error: The sandbox is not in sync with the Podfile.lock. Run 'pod install' or update your CocoaPods installation.\" >&2\n    exit 1\nfi\n# This output is used by Xcode 'outputs' to avoid re-running this script phase.\necho \"SUCCESS\" > \"${SCRIPT_OUTPUT_FILE_0}\"\n";
			showEnvVarsInLog = 0;
		};
		BEB2600FDD17E4FC744B49CD /* [CP] Check Pods Manifest.lock */ = {
			isa = PBXShellScriptBuildPhase;
			buildActionMask = 2147483647;
			files = (
			);
			inputFileListPaths = (
			);
			inputPaths = (
				"${PODS_PODFILE_DIR_PATH}/Podfile.lock",
				"${PODS_ROOT}/Manifest.lock",
			);
			name = "[CP] Check Pods Manifest.lock";
			outputFileListPaths = (
			);
			outputPaths = (
				"$(DERIVED_FILE_DIR)/Pods-sidemenu-checkManifestLockResult.txt",
			);
			runOnlyForDeploymentPostprocessing = 0;
			shellPath = /bin/sh;
			shellScript = "diff \"${PODS_PODFILE_DIR_PATH}/Podfile.lock\" \"${PODS_ROOT}/Manifest.lock\" > /dev/null\nif [ $? != 0 ] ; then\n    # print error to STDERR\n    echo \"error: The sandbox is not in sync with the Podfile.lock. Run 'pod install' or update your CocoaPods installation.\" >&2\n    exit 1\nfi\n# This output is used by Xcode 'outputs' to avoid re-running this script phase.\necho \"SUCCESS\" > \"${SCRIPT_OUTPUT_FILE_0}\"\n";
			showEnvVarsInLog = 0;
		};
/* End PBXShellScriptBuildPhase section */

/* Begin PBXSourcesBuildPhase section */
		585FCA0D22F5AA0200302460 /* Sources */ = {
			isa = PBXSourcesBuildPhase;
			buildActionMask = 2147483647;
			files = (
				585FCA4B22F5AB6500302460 /* MenuController.swift in Sources */,
				589EE5E0230BE2C700FC801E /* friendChatController.swift in Sources */,
				588BBA2D22FB07D60026FDA8 /* menuOption.swift in Sources */,
				589C899923000B3C002CCC95 /* pickerProfileController.swift in Sources */,
				E769816A2313B14600474F4A /* SignInViewController.swift in Sources */,
				585FCA4922F5AB4C00302460 /* HomeController.swift in Sources */,
				585FCA4722F5AB1000302460 /* ContainerController.swift in Sources */,
				58A44C3B22FDE56200C5C961 /* talkUnable.swift in Sources */,
				588BB9E522F5E1670026FDA8 /* Protocols.swift in Sources */,
				589EE5E2230BE2E200FC801E /* friendChatMessageCell.swift in Sources */,
				589C897A22FFEB42002CCC95 /* ChatMessageCell.swift in Sources */,
				589C898C23000942002CCC95 /* NoSelectVC.swift in Sources */,
				585E156322FE7F9A00190A7D /* matchOkController.swift in Sources */,
				E76981682313B0FB00474F4A /* SignUpViewController.swift in Sources */,
				589C898E2300094B002CCC95 /* yesSelectVC.swift in Sources */,
				589C8993230009CC002CCC95 /* TextInputTableViewCell.swift in Sources */,
				58A44C3822FBE4EC00C5C961 /* friendlistController.swift in Sources */,
				589C898723000902002CCC95 /* PassCodeVC.swift in Sources */,
				589C898823000902002CCC95 /* LoginVC.swift in Sources */,
				585FCA1522F5AA0200302460 /* AppDelegate.swift in Sources */,
				589C8991230009C2002CCC95 /* MyprofileVC.swift in Sources */,
				585E156122FE086100190A7D /* genderSelectController.swift in Sources */,
				588BB9E722F67F680026FDA8 /* MenuOptionCell.swift in Sources */,
				589C898422FFFB2F002CCC95 /* CreateProfVC.swift in Sources */,
				589C898A23000936002CCC95 /* SelectFriendVC.swift in Sources */,
				589C899723000A47002CCC95 /* FriendProfileVC.swift in Sources */,
				589C897822FFEB03002CCC95 /* chatController.swift in Sources */,
			);
			runOnlyForDeploymentPostprocessing = 0;
		};
		585FCA2122F5AA0500302460 /* Sources */ = {
			isa = PBXSourcesBuildPhase;
			buildActionMask = 2147483647;
			files = (
				585FCA2A22F5AA0500302460 /* sidemenuTests.swift in Sources */,
			);
			runOnlyForDeploymentPostprocessing = 0;
		};
		585FCA2C22F5AA0500302460 /* Sources */ = {
			isa = PBXSourcesBuildPhase;
			buildActionMask = 2147483647;
			files = (
				585FCA3522F5AA0500302460 /* sidemenuUITests.swift in Sources */,
			);
			runOnlyForDeploymentPostprocessing = 0;
		};
/* End PBXSourcesBuildPhase section */

/* Begin PBXTargetDependency section */
		585FCA2722F5AA0500302460 /* PBXTargetDependency */ = {
			isa = PBXTargetDependency;
			target = 585FCA1022F5AA0200302460 /* sidemenu */;
			targetProxy = 585FCA2622F5AA0500302460 /* PBXContainerItemProxy */;
		};
		585FCA3222F5AA0500302460 /* PBXTargetDependency */ = {
			isa = PBXTargetDependency;
			target = 585FCA1022F5AA0200302460 /* sidemenu */;
			targetProxy = 585FCA3122F5AA0500302460 /* PBXContainerItemProxy */;
		};
/* End PBXTargetDependency section */

/* Begin PBXVariantGroup section */
		585FCA1822F5AA0200302460 /* Main.storyboard */ = {
			isa = PBXVariantGroup;
			children = (
				585FCA1922F5AA0200302460 /* Base */,
			);
			name = Main.storyboard;
			sourceTree = "<group>";
		};
		585FCA1D22F5AA0500302460 /* LaunchScreen.storyboard */ = {
			isa = PBXVariantGroup;
			children = (
				585FCA1E22F5AA0500302460 /* Base */,
			);
			name = LaunchScreen.storyboard;
			sourceTree = "<group>";
		};
/* End PBXVariantGroup section */

/* Begin XCBuildConfiguration section */
		585FCA3722F5AA0500302460 /* Debug */ = {
			isa = XCBuildConfiguration;
			buildSettings = {
				ALWAYS_SEARCH_USER_PATHS = NO;
				CLANG_ANALYZER_NONNULL = YES;
				CLANG_ANALYZER_NUMBER_OBJECT_CONVERSION = YES_AGGRESSIVE;
				CLANG_CXX_LANGUAGE_STANDARD = "gnu++14";
				CLANG_CXX_LIBRARY = "libc++";
				CLANG_ENABLE_MODULES = YES;
				CLANG_ENABLE_OBJC_ARC = YES;
				CLANG_ENABLE_OBJC_WEAK = YES;
				CLANG_WARN_BLOCK_CAPTURE_AUTORELEASING = YES;
				CLANG_WARN_BOOL_CONVERSION = YES;
				CLANG_WARN_COMMA = YES;
				CLANG_WARN_CONSTANT_CONVERSION = YES;
				CLANG_WARN_DEPRECATED_OBJC_IMPLEMENTATIONS = YES;
				CLANG_WARN_DIRECT_OBJC_ISA_USAGE = YES_ERROR;
				CLANG_WARN_DOCUMENTATION_COMMENTS = YES;
				CLANG_WARN_EMPTY_BODY = YES;
				CLANG_WARN_ENUM_CONVERSION = YES;
				CLANG_WARN_INFINITE_RECURSION = YES;
				CLANG_WARN_INT_CONVERSION = YES;
				CLANG_WARN_NON_LITERAL_NULL_CONVERSION = YES;
				CLANG_WARN_OBJC_IMPLICIT_RETAIN_SELF = YES;
				CLANG_WARN_OBJC_LITERAL_CONVERSION = YES;
				CLANG_WARN_OBJC_ROOT_CLASS = YES_ERROR;
				CLANG_WARN_RANGE_LOOP_ANALYSIS = YES;
				CLANG_WARN_STRICT_PROTOTYPES = YES;
				CLANG_WARN_SUSPICIOUS_MOVE = YES;
				CLANG_WARN_UNGUARDED_AVAILABILITY = YES_AGGRESSIVE;
				CLANG_WARN_UNREACHABLE_CODE = YES;
				CLANG_WARN__DUPLICATE_METHOD_MATCH = YES;
				CODE_SIGN_IDENTITY = "iPhone Developer";
				COPY_PHASE_STRIP = NO;
				DEBUG_INFORMATION_FORMAT = dwarf;
				ENABLE_STRICT_OBJC_MSGSEND = YES;
				ENABLE_TESTABILITY = YES;
				GCC_C_LANGUAGE_STANDARD = gnu11;
				GCC_DYNAMIC_NO_PIC = NO;
				GCC_NO_COMMON_BLOCKS = YES;
				GCC_OPTIMIZATION_LEVEL = 0;
				GCC_PREPROCESSOR_DEFINITIONS = (
					"DEBUG=1",
					"$(inherited)",
				);
				GCC_WARN_64_TO_32_BIT_CONVERSION = YES;
				GCC_WARN_ABOUT_RETURN_TYPE = YES_ERROR;
				GCC_WARN_UNDECLARED_SELECTOR = YES;
				GCC_WARN_UNINITIALIZED_AUTOS = YES_AGGRESSIVE;
				GCC_WARN_UNUSED_FUNCTION = YES;
				GCC_WARN_UNUSED_VARIABLE = YES;
				IPHONEOS_DEPLOYMENT_TARGET = 12.4;
				MTL_ENABLE_DEBUG_INFO = INCLUDE_SOURCE;
				MTL_FAST_MATH = YES;
				ONLY_ACTIVE_ARCH = YES;
				SDKROOT = iphoneos;
				SWIFT_ACTIVE_COMPILATION_CONDITIONS = DEBUG;
				SWIFT_OPTIMIZATION_LEVEL = "-Onone";
			};
			name = Debug;
		};
		585FCA3822F5AA0500302460 /* Release */ = {
			isa = XCBuildConfiguration;
			buildSettings = {
				ALWAYS_SEARCH_USER_PATHS = NO;
				CLANG_ANALYZER_NONNULL = YES;
				CLANG_ANALYZER_NUMBER_OBJECT_CONVERSION = YES_AGGRESSIVE;
				CLANG_CXX_LANGUAGE_STANDARD = "gnu++14";
				CLANG_CXX_LIBRARY = "libc++";
				CLANG_ENABLE_MODULES = YES;
				CLANG_ENABLE_OBJC_ARC = YES;
				CLANG_ENABLE_OBJC_WEAK = YES;
				CLANG_WARN_BLOCK_CAPTURE_AUTORELEASING = YES;
				CLANG_WARN_BOOL_CONVERSION = YES;
				CLANG_WARN_COMMA = YES;
				CLANG_WARN_CONSTANT_CONVERSION = YES;
				CLANG_WARN_DEPRECATED_OBJC_IMPLEMENTATIONS = YES;
				CLANG_WARN_DIRECT_OBJC_ISA_USAGE = YES_ERROR;
				CLANG_WARN_DOCUMENTATION_COMMENTS = YES;
				CLANG_WARN_EMPTY_BODY = YES;
				CLANG_WARN_ENUM_CONVERSION = YES;
				CLANG_WARN_INFINITE_RECURSION = YES;
				CLANG_WARN_INT_CONVERSION = YES;
				CLANG_WARN_NON_LITERAL_NULL_CONVERSION = YES;
				CLANG_WARN_OBJC_IMPLICIT_RETAIN_SELF = YES;
				CLANG_WARN_OBJC_LITERAL_CONVERSION = YES;
				CLANG_WARN_OBJC_ROOT_CLASS = YES_ERROR;
				CLANG_WARN_RANGE_LOOP_ANALYSIS = YES;
				CLANG_WARN_STRICT_PROTOTYPES = YES;
				CLANG_WARN_SUSPICIOUS_MOVE = YES;
				CLANG_WARN_UNGUARDED_AVAILABILITY = YES_AGGRESSIVE;
				CLANG_WARN_UNREACHABLE_CODE = YES;
				CLANG_WARN__DUPLICATE_METHOD_MATCH = YES;
				CODE_SIGN_IDENTITY = "iPhone Developer";
				COPY_PHASE_STRIP = NO;
				DEBUG_INFORMATION_FORMAT = "dwarf-with-dsym";
				ENABLE_NS_ASSERTIONS = NO;
				ENABLE_STRICT_OBJC_MSGSEND = YES;
				GCC_C_LANGUAGE_STANDARD = gnu11;
				GCC_NO_COMMON_BLOCKS = YES;
				GCC_WARN_64_TO_32_BIT_CONVERSION = YES;
				GCC_WARN_ABOUT_RETURN_TYPE = YES_ERROR;
				GCC_WARN_UNDECLARED_SELECTOR = YES;
				GCC_WARN_UNINITIALIZED_AUTOS = YES_AGGRESSIVE;
				GCC_WARN_UNUSED_FUNCTION = YES;
				GCC_WARN_UNUSED_VARIABLE = YES;
				IPHONEOS_DEPLOYMENT_TARGET = 12.4;
				MTL_ENABLE_DEBUG_INFO = NO;
				MTL_FAST_MATH = YES;
				SDKROOT = iphoneos;
				SWIFT_COMPILATION_MODE = wholemodule;
				SWIFT_OPTIMIZATION_LEVEL = "-O";
				VALIDATE_PRODUCT = YES;
			};
			name = Release;
		};
		585FCA3A22F5AA0500302460 /* Debug */ = {
			isa = XCBuildConfiguration;
			baseConfigurationReference = FC516AFF352C95D9E4847EAD /* Pods-sidemenu.debug.xcconfig */;
			buildSettings = {
				ASSETCATALOG_COMPILER_APPICON_NAME = AppIcon;
				CODE_SIGN_IDENTITY = "iPhone Developer";
				CODE_SIGN_STYLE = Automatic;
				DEVELOPMENT_TEAM = "";
				INFOPLIST_FILE = sidemenu/Info.plist;
				IPHONEOS_DEPLOYMENT_TARGET = 12.4;
				LD_RUNPATH_SEARCH_PATHS = (
					"$(inherited)",
					"@executable_path/Frameworks",
				);
				PRODUCT_BUNDLE_IDENTIFIER = com.watnow.ritsring;
				PRODUCT_NAME = "$(TARGET_NAME)";
				PROVISIONING_PROFILE_SPECIFIER = "";
				SWIFT_VERSION = 5.0;
				TARGETED_DEVICE_FAMILY = "1,2";
			};
			name = Debug;
		};
		585FCA3B22F5AA0500302460 /* Release */ = {
			isa = XCBuildConfiguration;
			baseConfigurationReference = 5EB1A5401BB3354A554D9CD5 /* Pods-sidemenu.release.xcconfig */;
			buildSettings = {
				ASSETCATALOG_COMPILER_APPICON_NAME = AppIcon;
				CODE_SIGN_IDENTITY = "iPhone Developer";
				CODE_SIGN_STYLE = Automatic;
				DEVELOPMENT_TEAM = "";
				INFOPLIST_FILE = sidemenu/Info.plist;
				IPHONEOS_DEPLOYMENT_TARGET = 12.4;
				LD_RUNPATH_SEARCH_PATHS = (
					"$(inherited)",
					"@executable_path/Frameworks",
				);
				PRODUCT_BUNDLE_IDENTIFIER = com.watnow.ritsring;
				PRODUCT_NAME = "$(TARGET_NAME)";
				PROVISIONING_PROFILE_SPECIFIER = "";
				SWIFT_VERSION = 5.0;
				TARGETED_DEVICE_FAMILY = "1,2";
			};
			name = Release;
		};
		585FCA3D22F5AA0500302460 /* Debug */ = {
			isa = XCBuildConfiguration;
			baseConfigurationReference = 9A94193599E312CFB2682044 /* Pods-sidemenuTests.debug.xcconfig */;
			buildSettings = {
				ALWAYS_EMBED_SWIFT_STANDARD_LIBRARIES = YES;
				BUNDLE_LOADER = "$(TEST_HOST)";
				CODE_SIGN_STYLE = Automatic;
				DEVELOPMENT_TEAM = 292ZGMZK53;
				INFOPLIST_FILE = sidemenuTests/Info.plist;
				LD_RUNPATH_SEARCH_PATHS = (
					"$(inherited)",
					"@executable_path/Frameworks",
					"@loader_path/Frameworks",
				);
				PRODUCT_BUNDLE_IDENTIFIER = com.xmas.sidemenuTests;
				PRODUCT_NAME = "$(TARGET_NAME)";
				SWIFT_VERSION = 5.0;
				TARGETED_DEVICE_FAMILY = "1,2";
				TEST_HOST = "$(BUILT_PRODUCTS_DIR)/sidemenu.app/sidemenu";
			};
			name = Debug;
		};
		585FCA3E22F5AA0500302460 /* Release */ = {
			isa = XCBuildConfiguration;
			baseConfigurationReference = 008B7B14FF4B085BC1390C1C /* Pods-sidemenuTests.release.xcconfig */;
			buildSettings = {
				ALWAYS_EMBED_SWIFT_STANDARD_LIBRARIES = YES;
				BUNDLE_LOADER = "$(TEST_HOST)";
				CODE_SIGN_STYLE = Automatic;
				DEVELOPMENT_TEAM = 292ZGMZK53;
				INFOPLIST_FILE = sidemenuTests/Info.plist;
				LD_RUNPATH_SEARCH_PATHS = (
					"$(inherited)",
					"@executable_path/Frameworks",
					"@loader_path/Frameworks",
				);
				PRODUCT_BUNDLE_IDENTIFIER = com.xmas.sidemenuTests;
				PRODUCT_NAME = "$(TARGET_NAME)";
				SWIFT_VERSION = 5.0;
				TARGETED_DEVICE_FAMILY = "1,2";
				TEST_HOST = "$(BUILT_PRODUCTS_DIR)/sidemenu.app/sidemenu";
			};
			name = Release;
		};
		585FCA4022F5AA0500302460 /* Debug */ = {
			isa = XCBuildConfiguration;
			baseConfigurationReference = DD28993C707C3DC0D2BA73DF /* Pods-sidemenuUITests.debug.xcconfig */;
			buildSettings = {
				ALWAYS_EMBED_SWIFT_STANDARD_LIBRARIES = YES;
				CODE_SIGN_STYLE = Automatic;
				DEVELOPMENT_TEAM = 292ZGMZK53;
				INFOPLIST_FILE = sidemenuUITests/Info.plist;
				LD_RUNPATH_SEARCH_PATHS = (
					"$(inherited)",
					"@executable_path/Frameworks",
					"@loader_path/Frameworks",
				);
				PRODUCT_BUNDLE_IDENTIFIER = com.xmas.sidemenuUITests;
				PRODUCT_NAME = "$(TARGET_NAME)";
				SWIFT_VERSION = 5.0;
				TARGETED_DEVICE_FAMILY = "1,2";
				TEST_TARGET_NAME = sidemenu;
			};
			name = Debug;
		};
		585FCA4122F5AA0500302460 /* Release */ = {
			isa = XCBuildConfiguration;
			baseConfigurationReference = 4851ED83130FF09865B3213A /* Pods-sidemenuUITests.release.xcconfig */;
			buildSettings = {
				ALWAYS_EMBED_SWIFT_STANDARD_LIBRARIES = YES;
				CODE_SIGN_STYLE = Automatic;
				DEVELOPMENT_TEAM = 292ZGMZK53;
				INFOPLIST_FILE = sidemenuUITests/Info.plist;
				LD_RUNPATH_SEARCH_PATHS = (
					"$(inherited)",
					"@executable_path/Frameworks",
					"@loader_path/Frameworks",
				);
				PRODUCT_BUNDLE_IDENTIFIER = com.xmas.sidemenuUITests;
				PRODUCT_NAME = "$(TARGET_NAME)";
				SWIFT_VERSION = 5.0;
				TARGETED_DEVICE_FAMILY = "1,2";
				TEST_TARGET_NAME = sidemenu;
			};
			name = Release;
		};
/* End XCBuildConfiguration section */

/* Begin XCConfigurationList section */
		585FCA0C22F5AA0200302460 /* Build configuration list for PBXProject "sidemenu" */ = {
			isa = XCConfigurationList;
			buildConfigurations = (
				585FCA3722F5AA0500302460 /* Debug */,
				585FCA3822F5AA0500302460 /* Release */,
			);
			defaultConfigurationIsVisible = 0;
			defaultConfigurationName = Release;
		};
		585FCA3922F5AA0500302460 /* Build configuration list for PBXNativeTarget "sidemenu" */ = {
			isa = XCConfigurationList;
			buildConfigurations = (
				585FCA3A22F5AA0500302460 /* Debug */,
				585FCA3B22F5AA0500302460 /* Release */,
			);
			defaultConfigurationIsVisible = 0;
			defaultConfigurationName = Release;
		};
		585FCA3C22F5AA0500302460 /* Build configuration list for PBXNativeTarget "sidemenuTests" */ = {
			isa = XCConfigurationList;
			buildConfigurations = (
				585FCA3D22F5AA0500302460 /* Debug */,
				585FCA3E22F5AA0500302460 /* Release */,
			);
			defaultConfigurationIsVisible = 0;
			defaultConfigurationName = Release;
		};
		585FCA3F22F5AA0500302460 /* Build configuration list for PBXNativeTarget "sidemenuUITests" */ = {
			isa = XCConfigurationList;
			buildConfigurations = (
				585FCA4022F5AA0500302460 /* Debug */,
				585FCA4122F5AA0500302460 /* Release */,
			);
			defaultConfigurationIsVisible = 0;
			defaultConfigurationName = Release;
		};
/* End XCConfigurationList section */
	};
	rootObject = 585FCA0922F5AA0200302460 /* Project object */;
}
